
Microsoft Visual Studio Solution File, Format Version 12.00
# Visual Studio Version 17
VisualStudioVersion = 17.1.32319.34
MinimumVisualStudioVersion = 10.0.40219.1
Project("{FAE04EC0-301F-11D3-BF4B-00C04F79EFBC}") = "FinanceNewsTicker", "FinanceNewsTicker.csproj", "{7DE9BAA7-61D3-4CBA-A2DC-956C975B0078}"
EndProject
Global
	GlobalSection(SolutionConfigurationPlatforms) = preSolution
		Debug|Any CPU = Debug|Any CPU
		Release|Any CPU = Release|Any CPU
	EndGlobalSection
	GlobalSection(ProjectConfigurationPlatforms) = postSolution
		{7DE9BAA7-61D3-4CBA-A2DC-956C975B0078}.Debug|Any CPU.ActiveCfg = Debug|Any CPU
		{7DE9BAA7-61D3-4CBA-A2DC-956C975B0078}.Debug|Any CPU.Build.0 = Debug|Any CPU
		{7DE9BAA7-61D3-4CBA-A2DC-956C975B0078}.Release|Any CPU.ActiveCfg = Release|Any CPU
		{7DE9BAA7-61D3-4CBA-A2DC-956C975B0078}.Release|Any CPU.Build.0 = Release|Any CPU
	EndGlobalSection
	GlobalSection(SolutionProperties) = preSolution
		HideSolutionNode = FALSE
	EndGlobalSection
	GlobalSection(ExtensibilityGlobals) = postSolution
		SolutionGuid = {7D85DE6C-364F-48F6-9E77-F6DBA0BE2973}
	EndGlobalSection
EndGlobal
